// !$*UTF8*$!
{
	archiveVersion = 1;
	classes = {
	};
	objectVersion = 77;
	objects = {

/* Begin PBXBuildFile section */
		369EF0F32EB01EE000AC7A06 /* WidgetKit.framework in Frameworks */ = {isa = PBXBuildFile; fileRef = 369EF0692EB0163800AC7A06 /* WidgetKit.framework */; };
		369EF0F42EB01EE000AC7A06 /* SwiftUI.framework in Frameworks */ = {isa = PBXBuildFile; fileRef = 369EF06B2EB0163800AC7A06 /* SwiftUI.framework */; };
		369EF1032EB01EE100AC7A06 /* PrayerWidgetsExtension.appex in Embed Foundation Extensions */ = {isa = PBXBuildFile; fileRef = 369EF0F22EB01EE000AC7A06 /* PrayerWidgetsExtension.appex */; settings = {ATTRIBUTES = (RemoveHeadersOnCopy, ); }; };
/* End PBXBuildFile section */

/* Begin PBXContainerItemProxy section */
		369EF0E62EB01C5D00AC7A06 /* PBXContainerItemProxy */ = {
			isa = PBXContainerItemProxy;
			containerPortal = 36DD5C7D2EB0073F00E7A9DC /* Project object */;
			proxyType = 1;
			remoteGlobalIDString = 36DD5C842EB0073F00E7A9DC;
			remoteInfo = "Prayer Tracker";
		};
		369EF1012EB01EE100AC7A06 /* PBXContainerItemProxy */ = {
			isa = PBXContainerItemProxy;
			containerPortal = 36DD5C7D2EB0073F00E7A9DC /* Project object */;
			proxyType = 1;
			remoteGlobalIDString = 369EF0F12EB01EE000AC7A06;
			remoteInfo = PrayerWidgetsExtension;
		};
/* End PBXContainerItemProxy section */

/* Begin PBXCopyFilesBuildPhase section */
		369EF07E2EB0163900AC7A06 /* Embed Foundation Extensions */ = {
			isa = PBXCopyFilesBuildPhase;
			buildActionMask = 2147483647;
			dstPath = "";
			dstSubfolderSpec = 13;
			files = (
				369EF1032EB01EE100AC7A06 /* PrayerWidgetsExtension.appex in Embed Foundation Extensions */,
			);
			name = "Embed Foundation Extensions";
			runOnlyForDeploymentPostprocessing = 0;
		};
/* End PBXCopyFilesBuildPhase section */

/* Begin PBXFileReference section */
		369EF0692EB0163800AC7A06 /* WidgetKit.framework */ = {isa = PBXFileReference; lastKnownFileType = wrapper.framework; name = WidgetKit.framework; path = System/Library/Frameworks/WidgetKit.framework; sourceTree = SDKROOT; };
		369EF06B2EB0163800AC7A06 /* SwiftUI.framework */ = {isa = PBXFileReference; lastKnownFileType = wrapper.framework; name = SwiftUI.framework; path = System/Library/Frameworks/SwiftUI.framework; sourceTree = SDKROOT; };
		369EF0E22EB01C5D00AC7A06 /* PrayerTrackerTests.xctest */ = {isa = PBXFileReference; explicitFileType = wrapper.cfbundle; includeInIndex = 0; path = PrayerTrackerTests.xctest; sourceTree = BUILT_PRODUCTS_DIR; };
		369EF0F22EB01EE000AC7A06 /* PrayerWidgetsExtension.appex */ = {isa = PBXFileReference; explicitFileType = "wrapper.app-extension"; includeInIndex = 0; path = PrayerWidgetsExtension.appex; sourceTree = BUILT_PRODUCTS_DIR; };
		369EF1312EB0203900AC7A06 /* PrayerWidgetsExtension.entitlements */ = {isa = PBXFileReference; lastKnownFileType = text.plist.entitlements; path = PrayerWidgetsExtension.entitlements; sourceTree = "<group>"; };
		36DD5C852EB0073F00E7A9DC /* Prayer Tracker.app */ = {isa = PBXFileReference; explicitFileType = wrapper.application; includeInIndex = 0; path = "Prayer Tracker.app"; sourceTree = BUILT_PRODUCTS_DIR; };
/* End PBXFileReference section */

/* Begin PBXFileSystemSynchronizedBuildFileExceptionSet section */
		369EF0EB2EB01C6600AC7A06 /* Exceptions for "PrayerTrackerTests" folder in "Prayer Tracker" target */ = {
			isa = PBXFileSystemSynchronizedBuildFileExceptionSet;
			membershipExceptions = (
				PrayerStatisticsTests.swift,
				PrayerTrackerTests/TESTING_PERSISTENCE.md,
				README.md,
			);
			target = 36DD5C842EB0073F00E7A9DC /* Prayer Tracker */;
		};
		369EF0ED2EB01C6600AC7A06 /* Exceptions for "PrayerTrackerTests" folder in "PrayerTrackerTests" target */ = {
			isa = PBXFileSystemSynchronizedBuildFileExceptionSet;
			membershipExceptions = (
				PrayerStatisticsTests.swift,
				PrayerTrackerTests/TESTING_PERSISTENCE.md,
				README.md,
			);
			target = 369EF0E12EB01C5D00AC7A06 /* PrayerTrackerTests */;
		};
		369EF1072EB01EE100AC7A06 /* Exceptions for "PrayerWidgets" folder in "PrayerWidgetsExtension" target */ = {
			isa = PBXFileSystemSynchronizedBuildFileExceptionSet;
			membershipExceptions = (
				Info.plist,
			);
			target = 369EF0F12EB01EE000AC7A06 /* PrayerWidgetsExtension */;
		};
		369EF1302EB01F8B00AC7A06 /* Exceptions for "Prayer Tracker" folder in "PrayerWidgetsExtension" target */ = {
			isa = PBXFileSystemSynchronizedBuildFileExceptionSet;
			membershipExceptions = (
				Prayer_TrackerApp.swift,
			);
			target = 369EF0F12EB01EE000AC7A06 /* PrayerWidgetsExtension */;
		};
/* End PBXFileSystemSynchronizedBuildFileExceptionSet section */

/* Begin PBXFileSystemSynchronizedRootGroup section */
		369EF0E32EB01C5D00AC7A06 /* PrayerTrackerTests */ = {
			isa = PBXFileSystemSynchronizedRootGroup;
			exceptions = (
				369EF0EB2EB01C6600AC7A06 /* Exceptions for "PrayerTrackerTests" folder in "Prayer Tracker" target */,
				369EF0ED2EB01C6600AC7A06 /* Exceptions for "PrayerTrackerTests" folder in "PrayerTrackerTests" target */,
			);
			path = PrayerTrackerTests;
			sourceTree = "<group>";
		};
		369EF0F52EB01EE000AC7A06 /* PrayerWidgets */ = {
			isa = PBXFileSystemSynchronizedRootGroup;
			exceptions = (
				369EF1072EB01EE100AC7A06 /* Exceptions for "PrayerWidgets" folder in "PrayerWidgetsExtension" target */,
			);
			path = PrayerWidgets;
			sourceTree = "<group>";
		};
		36DD5C872EB0073F00E7A9DC /* Prayer Tracker */ = {
			isa = PBXFileSystemSynchronizedRootGroup;
			exceptions = (
				369EF1302EB01F8B00AC7A06 /* Exceptions for "Prayer Tracker" folder in "PrayerWidgetsExtension" target */,
			);
			path = "Prayer Tracker";
			sourceTree = "<group>";
		};
/* End PBXFileSystemSynchronizedRootGroup section */

/* Begin PBXFrameworksBuildPhase section */
		369EF0DF2EB01C5D00AC7A06 /* Frameworks */ = {
			isa = PBXFrameworksBuildPhase;
			buildActionMask = 2147483647;
			files = (
			);
			runOnlyForDeploymentPostprocessing = 0;
		};
		369EF0EF2EB01EE000AC7A06 /* Frameworks */ = {
			isa = PBXFrameworksBuildPhase;
			buildActionMask = 2147483647;
			files = (
				369EF0F42EB01EE000AC7A06 /* SwiftUI.framework in Frameworks */,
				369EF0F32EB01EE000AC7A06 /* WidgetKit.framework in Frameworks */,
			);
			runOnlyForDeploymentPostprocessing = 0;
		};
		36DD5C822EB0073F00E7A9DC /* Frameworks */ = {
			isa = PBXFrameworksBuildPhase;
			buildActionMask = 2147483647;
			files = (
			);
			runOnlyForDeploymentPostprocessing = 0;
		};
/* End PBXFrameworksBuildPhase section */

/* Begin PBXGroup section */
		369EF0682EB0163800AC7A06 /* Frameworks */ = {
			isa = PBXGroup;
			children = (
				369EF0692EB0163800AC7A06 /* WidgetKit.framework */,
				369EF06B2EB0163800AC7A06 /* SwiftUI.framework */,
			);
			name = Frameworks;
			sourceTree = "<group>";
		};
		36DD5C7C2EB0073F00E7A9DC = {
			isa = PBXGroup;
			children = (
				369EF1312EB0203900AC7A06 /* PrayerWidgetsExtension.entitlements */,
				36DD5C872EB0073F00E7A9DC /* Prayer Tracker */,
				369EF0E32EB01C5D00AC7A06 /* PrayerTrackerTests */,
				369EF0F52EB01EE000AC7A06 /* PrayerWidgets */,
				369EF0682EB0163800AC7A06 /* Frameworks */,
				36DD5C862EB0073F00E7A9DC /* Products */,
			);
			sourceTree = "<group>";
		};
		36DD5C862EB0073F00E7A9DC /* Products */ = {
			isa = PBXGroup;
			children = (
				36DD5C852EB0073F00E7A9DC /* Prayer Tracker.app */,
				369EF0E22EB01C5D00AC7A06 /* PrayerTrackerTests.xctest */,
				369EF0F22EB01EE000AC7A06 /* PrayerWidgetsExtension.appex */,
			);
			name = Products;
			sourceTree = "<group>";
		};
/* End PBXGroup section */

/* Begin PBXNativeTarget section */
		369EF0E12EB01C5D00AC7A06 /* PrayerTrackerTests */ = {
			isa = PBXNativeTarget;
			buildConfigurationList = 369EF0E82EB01C5D00AC7A06 /* Build configuration list for PBXNativeTarget "PrayerTrackerTests" */;
			buildPhases = (
				369EF0DE2EB01C5D00AC7A06 /* Sources */,
				369EF0DF2EB01C5D00AC7A06 /* Frameworks */,
				369EF0E02EB01C5D00AC7A06 /* Resources */,
			);
			buildRules = (
			);
			dependencies = (
				369EF0E72EB01C5D00AC7A06 /* PBXTargetDependency */,
			);
			fileSystemSynchronizedGroups = (
				369EF0E32EB01C5D00AC7A06 /* PrayerTrackerTests */,
			);
			name = PrayerTrackerTests;
			packageProductDependencies = (
			);
			productName = PrayerTrackerTests;
			productReference = 369EF0E22EB01C5D00AC7A06 /* PrayerTrackerTests.xctest */;
			productType = "com.apple.product-type.bundle.unit-test";
		};
		369EF0F12EB01EE000AC7A06 /* PrayerWidgetsExtension */ = {
			isa = PBXNativeTarget;
			buildConfigurationList = 369EF1042EB01EE100AC7A06 /* Build configuration list for PBXNativeTarget "PrayerWidgetsExtension" */;
			buildPhases = (
				369EF0EE2EB01EE000AC7A06 /* Sources */,
				369EF0EF2EB01EE000AC7A06 /* Frameworks */,
				369EF0F02EB01EE000AC7A06 /* Resources */,
			);
			buildRules = (
			);
			dependencies = (
			);
			fileSystemSynchronizedGroups = (
				369EF0F52EB01EE000AC7A06 /* PrayerWidgets */,
				36DD5C872EB0073F00E7A9DC /* Prayer Tracker */,
			);
			name = PrayerWidgetsExtension;
			packageProductDependencies = (
			);
			productName = PrayerWidgetsExtension;
			productReference = 369EF0F22EB01EE000AC7A06 /* PrayerWidgetsExtension.appex */;
			productType = "com.apple.product-type.app-extension";
		};
		36DD5C842EB0073F00E7A9DC /* Prayer Tracker */ = {
			isa = PBXNativeTarget;
			buildConfigurationList = 36DD5C922EB0074000E7A9DC /* Build configuration list for PBXNativeTarget "Prayer Tracker" */;
			buildPhases = (
				36DD5C812EB0073F00E7A9DC /* Sources */,
				36DD5C822EB0073F00E7A9DC /* Frameworks */,
				36DD5C832EB0073F00E7A9DC /* Resources */,
				369EF07E2EB0163900AC7A06 /* Embed Foundation Extensions */,
			);
			buildRules = (
			);
			dependencies = (
				369EF1022EB01EE100AC7A06 /* PBXTargetDependency */,
			);
			fileSystemSynchronizedGroups = (
				36DD5C872EB0073F00E7A9DC /* Prayer Tracker */,
			);
			name = "Prayer Tracker";
			packageProductDependencies = (
			);
			productName = "Prayer Tracker";
			productReference = 36DD5C852EB0073F00E7A9DC /* Prayer Tracker.app */;
			productType = "com.apple.product-type.application";
		};
/* End PBXNativeTarget section */

/* Begin PBXProject section */
		36DD5C7D2EB0073F00E7A9DC /* Project object */ = {
			isa = PBXProject;
			attributes = {
				BuildIndependentTargetsInParallel = 1;
				LastSwiftUpdateCheck = 2600;
				LastUpgradeCheck = 2600;
				TargetAttributes = {
					369EF0E12EB01C5D00AC7A06 = {
						CreatedOnToolsVersion = 26.0.1;
						TestTargetID = 36DD5C842EB0073F00E7A9DC;
					};
					369EF0F12EB01EE000AC7A06 = {
						CreatedOnToolsVersion = 26.0.1;
					};
					36DD5C842EB0073F00E7A9DC = {
						CreatedOnToolsVersion = 26.0.1;
					};
				};
			};
			buildConfigurationList = 36DD5C802EB0073F00E7A9DC /* Build configuration list for PBXProject "Prayer Tracker" */;
			developmentRegion = en;
			hasScannedForEncodings = 0;
			knownRegions = (
				en,
				Base,
			);
			mainGroup = 36DD5C7C2EB0073F00E7A9DC;
			minimizedProjectReferenceProxies = 1;
			preferredProjectObjectVersion = 77;
			productRefGroup = 36DD5C862EB0073F00E7A9DC /* Products */;
			projectDirPath = "";
			projectRoot = "";
			targets = (
				36DD5C842EB0073F00E7A9DC /* Prayer Tracker */,
				369EF0E12EB01C5D00AC7A06 /* PrayerTrackerTests */,
				369EF0F12EB01EE000AC7A06 /* PrayerWidgetsExtension */,
			);
		};
/* End PBXProject section */

/* Begin PBXResourcesBuildPhase section */
		369EF0E02EB01C5D00AC7A06 /* Resources */ = {
			isa = PBXResourcesBuildPhase;
			buildActionMask = 2147483647;
			files = (
			);
			runOnlyForDeploymentPostprocessing = 0;
		};
		369EF0F02EB01EE000AC7A06 /* Resources */ = {
			isa = PBXResourcesBuildPhase;
			buildActionMask = 2147483647;
			files = (
			);
			runOnlyForDeploymentPostprocessing = 0;
		};
		36DD5C832EB0073F00E7A9DC /* Resources */ = {
			isa = PBXResourcesBuildPhase;
			buildActionMask = 2147483647;
			files = (
			);
			runOnlyForDeploymentPostprocessing = 0;
		};
/* End PBXResourcesBuildPhase section */

/* Begin PBXSourcesBuildPhase section */
		369EF0DE2EB01C5D00AC7A06 /* Sources */ = {
			isa = PBXSourcesBuildPhase;
			buildActionMask = 2147483647;
			files = (
			);
			runOnlyForDeploymentPostprocessing = 0;
		};
		369EF0EE2EB01EE000AC7A06 /* Sources */ = {
			isa = PBXSourcesBuildPhase;
			buildActionMask = 2147483647;
			files = (
			);
			runOnlyForDeploymentPostprocessing = 0;
		};
		36DD5C812EB0073F00E7A9DC /* Sources */ = {
			isa = PBXSourcesBuildPhase;
			buildActionMask = 2147483647;
			files = (
			);
			runOnlyForDeploymentPostprocessing = 0;
		};
/* End PBXSourcesBuildPhase section */

/* Begin PBXTargetDependency section */
		369EF0E72EB01C5D00AC7A06 /* PBXTargetDependency */ = {
			isa = PBXTargetDependency;
			target = 36DD5C842EB0073F00E7A9DC /* Prayer Tracker */;
			targetProxy = 369EF0E62EB01C5D00AC7A06 /* PBXContainerItemProxy */;
		};
		369EF1022EB01EE100AC7A06 /* PBXTargetDependency */ = {
			isa = PBXTargetDependency;
			target = 369EF0F12EB01EE000AC7A06 /* PrayerWidgetsExtension */;
			targetProxy = 369EF1012EB01EE100AC7A06 /* PBXContainerItemProxy */;
		};
/* End PBXTargetDependency section */

/* Begin XCBuildConfiguration section */
		369EF0E92EB01C5D00AC7A06 /* Debug */ = {
			isa = XCBuildConfiguration;
			buildSettings = {
				BUNDLE_LOADER = "$(TEST_HOST)";
				CODE_SIGN_STYLE = Automatic;
				CURRENT_PROJECT_VERSION = 1;
				DEVELOPMENT_TEAM = S6ZFW3NA3K;
				GENERATE_INFOPLIST_FILE = YES;
				MARKETING_VERSION = 1.0;
				PRODUCT_BUNDLE_IDENTIFIER = "johnmark.Prayer-Tracker.PrayerTrackerTests";
				PRODUCT_NAME = "$(TARGET_NAME)";
				STRING_CATALOG_GENERATE_SYMBOLS = NO;
				SWIFT_APPROACHABLE_CONCURRENCY = YES;
				SWIFT_EMIT_LOC_STRINGS = NO;
				SWIFT_UPCOMING_FEATURE_MEMBER_IMPORT_VISIBILITY = YES;
				SWIFT_VERSION = 5.0;
				TARGETED_DEVICE_FAMILY = "1,2";
				TEST_HOST = "$(BUILT_PRODUCTS_DIR)/Prayer Tracker.app/$(BUNDLE_EXECUTABLE_FOLDER_PATH)/Prayer Tracker";
			};
			name = Debug;
		};
		369EF0EA2EB01C5D00AC7A06 /* Release */ = {
			isa = XCBuildConfiguration;
			buildSettings = {
				BUNDLE_LOADER = "$(TEST_HOST)";
				CODE_SIGN_STYLE = Automatic;
				CURRENT_PROJECT_VERSION = 1;
				DEVELOPMENT_TEAM = S6ZFW3NA3K;
				GENERATE_INFOPLIST_FILE = YES;
				MARKETING_VERSION = 1.0;
				PRODUCT_BUNDLE_IDENTIFIER = "johnmark.Prayer-Tracker.PrayerTrackerTests";
				PRODUCT_NAME = "$(TARGET_NAME)";
				STRING_CATALOG_GENERATE_SYMBOLS = NO;
				SWIFT_APPROACHABLE_CONCURRENCY = YES;
				SWIFT_EMIT_LOC_STRINGS = NO;
				SWIFT_UPCOMING_FEATURE_MEMBER_IMPORT_VISIBILITY = YES;
				SWIFT_VERSION = 5.0;
				TARGETED_DEVICE_FAMILY = "1,2";
				TEST_HOST = "$(BUILT_PRODUCTS_DIR)/Prayer Tracker.app/$(BUNDLE_EXECUTABLE_FOLDER_PATH)/Prayer Tracker";
			};
			name = Release;
		};
		369EF1052EB01EE100AC7A06 /* Debug */ = {
			isa = XCBuildConfiguration;
			buildSettings = {
				ASSETCATALOG_COMPILER_GLOBAL_ACCENT_COLOR_NAME = AccentColor;
				ASSETCATALOG_COMPILER_WIDGET_BACKGROUND_COLOR_NAME = WidgetBackground;
				CODE_SIGN_ENTITLEMENTS = PrayerWidgetsExtension.entitlements;
				CODE_SIGN_STYLE = Automatic;
				CURRENT_PROJECT_VERSION = 1;
				DEVELOPMENT_TEAM = S6ZFW3NA3K;
				GENERATE_INFOPLIST_FILE = YES;
				INFOPLIST_FILE = PrayerWidgets/Info.plist;
				INFOPLIST_KEY_CFBundleDisplayName = PrayerWidgets;
				INFOPLIST_KEY_NSHumanReadableCopyright = "";
				LD_RUNPATH_SEARCH_PATHS = (
					"$(inherited)",
					"@executable_path/Frameworks",
					"@executable_path/../../Frameworks",
				);
				MARKETING_VERSION = 1.0;
				PRODUCT_BUNDLE_IDENTIFIER = "johnmark.Prayer-Tracker.PrayerWidgets";
				PRODUCT_NAME = "$(TARGET_NAME)";
				SKIP_INSTALL = YES;
				STRING_CATALOG_GENERATE_SYMBOLS = YES;
				SWIFT_APPROACHABLE_CONCURRENCY = YES;
				SWIFT_EMIT_LOC_STRINGS = YES;
				SWIFT_UPCOMING_FEATURE_MEMBER_IMPORT_VISIBILITY = YES;
				SWIFT_VERSION = 5.0;
				TARGETED_DEVICE_FAMILY = "1,2";
			};
			name = Debug;
		};
		369EF1062EB01EE100AC7A06 /* Release */ = {
			isa = XCBuildConfiguration;
			buildSettings = {
				ASSETCATALOG_COMPILER_GLOBAL_ACCENT_COLOR_NAME = AccentColor;
				ASSETCATALOG_COMPILER_WIDGET_BACKGROUND_COLOR_NAME = WidgetBackground;
				CODE_SIGN_ENTITLEMENTS = PrayerWidgetsExtension.entitlements;
				CODE_SIGN_STYLE = Automatic;
				CURRENT_PROJECT_VERSION = 1;
				DEVELOPMENT_TEAM = S6ZFW3NA3K;
				GENERATE_INFOPLIST_FILE = YES;
				INFOPLIST_FILE = PrayerWidgets/Info.plist;
				INFOPLIST_KEY_CFBundleDisplayName = PrayerWidgets;
				INFOPLIST_KEY_NSHumanReadableCopyright = "";
				LD_RUNPATH_SEARCH_PATHS = (
					"$(inherited)",
					"@executable_path/Frameworks",
					"@executable_path/../../Frameworks",
				);
				MARKETING_VERSION = 1.0;
				PRODUCT_BUNDLE_IDENTIFIER = "johnmark.Prayer-Tracker.PrayerWidgets";
				PRODUCT_NAME = "$(TARGET_NAME)";
				SKIP_INSTALL = YES;
				STRING_CATALOG_GENERATE_SYMBOLS = YES;
				SWIFT_APPROACHABLE_CONCURRENCY = YES;
				SWIFT_EMIT_LOC_STRINGS = YES;
				SWIFT_UPCOMING_FEATURE_MEMBER_IMPORT_VISIBILITY = YES;
				SWIFT_VERSION = 5.0;
				TARGETED_DEVICE_FAMILY = "1,2";
			};
			name = Release;
		};
		36DD5C902EB0074000E7A9DC /* Debug */ = {
			isa = XCBuildConfiguration;
			buildSettings = {
				ALWAYS_SEARCH_USER_PATHS = NO;
				ASSETCATALOG_COMPILER_GENERATE_SWIFT_ASSET_SYMBOL_EXTENSIONS = YES;
				CLANG_ANALYZER_NONNULL = YES;
				CLANG_ANALYZER_NUMBER_OBJECT_CONVERSION = YES_AGGRESSIVE;
				CLANG_CXX_LANGUAGE_STANDARD = "gnu++20";
				CLANG_ENABLE_MODULES = YES;
				CLANG_ENABLE_OBJC_ARC = YES;
				CLANG_ENABLE_OBJC_WEAK = YES;
				CLANG_WARN_BLOCK_CAPTURE_AUTORELEASING = YES;
				CLANG_WARN_BOOL_CONVERSION = YES;
				CLANG_WARN_COMMA = YES;
				CLANG_WARN_CONSTANT_CONVERSION = YES;
				CLANG_WARN_DEPRECATED_OBJC_IMPLEMENTATIONS = YES;
				CLANG_WARN_DIRECT_OBJC_ISA_USAGE = YES_ERROR;
				CLANG_WARN_DOCUMENTATION_COMMENTS = YES;
				CLANG_WARN_EMPTY_BODY = YES;
				CLANG_WARN_ENUM_CONVERSION = YES;
				CLANG_WARN_INFINITE_RECURSION = YES;
				CLANG_WARN_INT_CONVERSION = YES;
				CLANG_WARN_NON_LITERAL_NULL_CONVERSION = YES;
				CLANG_WARN_OBJC_IMPLICIT_RETAIN_SELF = YES;
				CLANG_WARN_OBJC_LITERAL_CONVERSION = YES;
				CLANG_WARN_OBJC_ROOT_CLASS = YES_ERROR;
				CLANG_WARN_QUOTED_INCLUDE_IN_FRAMEWORK_HEADER = YES;
				CLANG_WARN_RANGE_LOOP_ANALYSIS = YES;
				CLANG_WARN_STRICT_PROTOTYPES = YES;
				CLANG_WARN_SUSPICIOUS_MOVE = YES;
				CLANG_WARN_UNGUARDED_AVAILABILITY = YES_AGGRESSIVE;
				CLANG_WARN_UNREACHABLE_CODE = YES;
				CLANG_WARN__DUPLICATE_METHOD_MATCH = YES;
				COPY_PHASE_STRIP = NO;
				DEBUG_INFORMATION_FORMAT = dwarf;
				DEVELOPMENT_TEAM = S6ZFW3NA3K;
				ENABLE_STRICT_OBJC_MSGSEND = YES;
				ENABLE_TESTABILITY = YES;
				ENABLE_USER_SCRIPT_SANDBOXING = YES;
				GCC_C_LANGUAGE_STANDARD = gnu17;
				GCC_DYNAMIC_NO_PIC = NO;
				GCC_NO_COMMON_BLOCKS = YES;
				GCC_OPTIMIZATION_LEVEL = 0;
				GCC_PREPROCESSOR_DEFINITIONS = (
					"DEBUG=1",
					"$(inherited)",
				);
				GCC_WARN_64_TO_32_BIT_CONVERSION = YES;
				GCC_WARN_ABOUT_RETURN_TYPE = YES_ERROR;
				GCC_WARN_UNDECLARED_SELECTOR = YES;
				GCC_WARN_UNINITIALIZED_AUTOS = YES_AGGRESSIVE;
				GCC_WARN_UNUSED_FUNCTION = YES;
				GCC_WARN_UNUSED_VARIABLE = YES;
				IPHONEOS_DEPLOYMENT_TARGET = 26.0;
				LOCALIZATION_PREFERS_STRING_CATALOGS = YES;
				MTL_ENABLE_DEBUG_INFO = INCLUDE_SOURCE;
				MTL_FAST_MATH = YES;
				ONLY_ACTIVE_ARCH = YES;
				SDKROOT = iphoneos;
				SWIFT_ACTIVE_COMPILATION_CONDITIONS = "DEBUG $(inherited)";
				SWIFT_OPTIMIZATION_LEVEL = "-Onone";
			};
			name = Debug;
		};
		36DD5C912EB0074000E7A9DC /* Release */ = {
			isa = XCBuildConfiguration;
			buildSettings = {
				ALWAYS_SEARCH_USER_PATHS = NO;
				ASSETCATALOG_COMPILER_GENERATE_SWIFT_ASSET_SYMBOL_EXTENSIONS = YES;
				CLANG_ANALYZER_NONNULL = YES;
				CLANG_ANALYZER_NUMBER_OBJECT_CONVERSION = YES_AGGRESSIVE;
				CLANG_CXX_LANGUAGE_STANDARD = "gnu++20";
				CLANG_ENABLE_MODULES = YES;
				CLANG_ENABLE_OBJC_ARC = YES;
				CLANG_ENABLE_OBJC_WEAK = YES;
				CLANG_WARN_BLOCK_CAPTURE_AUTORELEASING = YES;
				CLANG_WARN_BOOL_CONVERSION = YES;
				CLANG_WARN_COMMA = YES;
				CLANG_WARN_CONSTANT_CONVERSION = YES;
				CLANG_WARN_DEPRECATED_OBJC_IMPLEMENTATIONS = YES;
				CLANG_WARN_DIRECT_OBJC_ISA_USAGE = YES_ERROR;
				CLANG_WARN_DOCUMENTATION_COMMENTS = YES;
				CLANG_WARN_EMPTY_BODY = YES;
				CLANG_WARN_ENUM_CONVERSION = YES;
				CLANG_WARN_INFINITE_RECURSION = YES;
				CLANG_WARN_INT_CONVERSION = YES;
				CLANG_WARN_NON_LITERAL_NULL_CONVERSION = YES;
				CLANG_WARN_OBJC_IMPLICIT_RETAIN_SELF = YES;
				CLANG_WARN_OBJC_LITERAL_CONVERSION = YES;
				CLANG_WARN_OBJC_ROOT_CLASS = YES_ERROR;
				CLANG_WARN_QUOTED_INCLUDE_IN_FRAMEWORK_HEADER = YES;
				CLANG_WARN_RANGE_LOOP_ANALYSIS = YES;
				CLANG_WARN_STRICT_PROTOTYPES = YES;
				CLANG_WARN_SUSPICIOUS_MOVE = YES;
				CLANG_WARN_UNGUARDED_AVAILABILITY = YES_AGGRESSIVE;
				CLANG_WARN_UNREACHABLE_CODE = YES;
				CLANG_WARN__DUPLICATE_METHOD_MATCH = YES;
				COPY_PHASE_STRIP = NO;
				DEBUG_INFORMATION_FORMAT = "dwarf-with-dsym";
				DEVELOPMENT_TEAM = S6ZFW3NA3K;
				ENABLE_NS_ASSERTIONS = NO;
				ENABLE_STRICT_OBJC_MSGSEND = YES;
				ENABLE_USER_SCRIPT_SANDBOXING = YES;
				GCC_C_LANGUAGE_STANDARD = gnu17;
				GCC_NO_COMMON_BLOCKS = YES;
				GCC_WARN_64_TO_32_BIT_CONVERSION = YES;
				GCC_WARN_ABOUT_RETURN_TYPE = YES_ERROR;
				GCC_WARN_UNDECLARED_SELECTOR = YES;
				GCC_WARN_UNINITIALIZED_AUTOS = YES_AGGRESSIVE;
				GCC_WARN_UNUSED_FUNCTION = YES;
				GCC_WARN_UNUSED_VARIABLE = YES;
				IPHONEOS_DEPLOYMENT_TARGET = 26.0;
				LOCALIZATION_PREFERS_STRING_CATALOGS = YES;
				MTL_ENABLE_DEBUG_INFO = NO;
				MTL_FAST_MATH = YES;
				SDKROOT = iphoneos;
				SWIFT_COMPILATION_MODE = wholemodule;
				VALIDATE_PRODUCT = YES;
			};
			name = Release;
		};
		36DD5C932EB0074000E7A9DC /* Debug */ = {
			isa = XCBuildConfiguration;
			buildSettings = {
				ASSETCATALOG_COMPILER_APPICON_NAME = AppIcon;
				ASSETCATALOG_COMPILER_GLOBAL_ACCENT_COLOR_NAME = AccentColor;
				CODE_SIGN_ENTITLEMENTS = "Prayer Tracker/Prayer Tracker.entitlements";
				CODE_SIGN_STYLE = Automatic;
				CURRENT_PROJECT_VERSION = 1;
				DEVELOPMENT_TEAM = S6ZFW3NA3K;
				ENABLE_PREVIEWS = YES;
				GENERATE_INFOPLIST_FILE = YES;
				INFOPLIST_KEY_UIApplicationSceneManifest_Generation = YES;
				INFOPLIST_KEY_UIApplicationSupportsIndirectInputEvents = YES;
				INFOPLIST_KEY_UILaunchScreen_Generation = YES;
				INFOPLIST_KEY_UISupportedInterfaceOrientations_iPad = "UIInterfaceOrientationPortrait UIInterfaceOrientationPortraitUpsideDown UIInterfaceOrientationLandscapeLeft UIInterfaceOrientationLandscapeRight";
				INFOPLIST_KEY_UISupportedInterfaceOrientations_iPhone = "UIInterfaceOrientationPortrait UIInterfaceOrientationLandscapeLeft UIInterfaceOrientationLandscapeRight";
				LD_RUNPATH_SEARCH_PATHS = (
					"$(inherited)",
					"@executable_path/Frameworks",
				);
				MARKETING_VERSION = 1.0;
				PRODUCT_BUNDLE_IDENTIFIER = "johnmark.Prayer-Tracker";
				PRODUCT_NAME = "$(TARGET_NAME)";
				STRING_CATALOG_GENERATE_SYMBOLS = YES;
				SWIFT_APPROACHABLE_CONCURRENCY = YES;
				SWIFT_DEFAULT_ACTOR_ISOLATION = MainActor;
				SWIFT_EMIT_LOC_STRINGS = YES;
				SWIFT_UPCOMING_FEATURE_MEMBER_IMPORT_VISIBILITY = YES;
				SWIFT_VERSION = 5.0;
				TARGETED_DEVICE_FAMILY = "1,2";
			};
			name = Debug;
		};
		36DD5C942EB0074000E7A9DC /* Release */ = {
			isa = XCBuildConfiguration;
			buildSettings = {
				ASSETCATALOG_COMPILER_APPICON_NAME = AppIcon;
				ASSETCATALOG_COMPILER_GLOBAL_ACCENT_COLOR_NAME = AccentColor;
				CODE_SIGN_ENTITLEMENTS = "Prayer Tracker/Prayer Tracker.entitlements";
				CODE_SIGN_STYLE = Automatic;
				CURRENT_PROJECT_VERSION = 1;
				DEVELOPMENT_TEAM = S6ZFW3NA3K;
				ENABLE_PREVIEWS = YES;
				GENERATE_INFOPLIST_FILE = YES;
				INFOPLIST_KEY_UIApplicationSceneManifest_Generation = YES;
				INFOPLIST_KEY_UIApplicationSupportsIndirectInputEvents = YES;
				INFOPLIST_KEY_UILaunchScreen_Generation = YES;
				INFOPLIST_KEY_UISupportedInterfaceOrientations_iPad = "UIInterfaceOrientationPortrait UIInterfaceOrientationPortraitUpsideDown UIInterfaceOrientationLandscapeLeft UIInterfaceOrientationLandscapeRight";
				INFOPLIST_KEY_UISupportedInterfaceOrientations_iPhone = "UIInterfaceOrientationPortrait UIInterfaceOrientationLandscapeLeft UIInterfaceOrientationLandscapeRight";
				LD_RUNPATH_SEARCH_PATHS = (
					"$(inherited)",
					"@executable_path/Frameworks",
				);
				MARKETING_VERSION = 1.0;
				PRODUCT_BUNDLE_IDENTIFIER = "johnmark.Prayer-Tracker";
				PRODUCT_NAME = "$(TARGET_NAME)";
				STRING_CATALOG_GENERATE_SYMBOLS = YES;
				SWIFT_APPROACHABLE_CONCURRENCY = YES;
				SWIFT_DEFAULT_ACTOR_ISOLATION = MainActor;
				SWIFT_EMIT_LOC_STRINGS = YES;
				SWIFT_UPCOMING_FEATURE_MEMBER_IMPORT_VISIBILITY = YES;
				SWIFT_VERSION = 5.0;
				TARGETED_DEVICE_FAMILY = "1,2";
			};
			name = Release;
		};
/* End XCBuildConfiguration section */

/* Begin XCConfigurationList section */
		369EF0E82EB01C5D00AC7A06 /* Build configuration list for PBXNativeTarget "PrayerTrackerTests" */ = {
			isa = XCConfigurationList;
			buildConfigurations = (
				369EF0E92EB01C5D00AC7A06 /* Debug */,
				369EF0EA2EB01C5D00AC7A06 /* Release */,
			);
			defaultConfigurationIsVisible = 0;
			defaultConfigurationName = Release;
		};
		369EF1042EB01EE100AC7A06 /* Build configuration list for PBXNativeTarget "PrayerWidgetsExtension" */ = {
			isa = XCConfigurationList;
			buildConfigurations = (
				369EF1052EB01EE100AC7A06 /* Debug */,
				369EF1062EB01EE100AC7A06 /* Release */,
			);
			defaultConfigurationIsVisible = 0;
			defaultConfigurationName = Release;
		};
		36DD5C802EB0073F00E7A9DC /* Build configuration list for PBXProject "Prayer Tracker" */ = {
			isa = XCConfigurationList;
			buildConfigurations = (
				36DD5C902EB0074000E7A9DC /* Debug */,
				36DD5C912EB0074000E7A9DC /* Release */,
			);
			defaultConfigurationIsVisible = 0;
			defaultConfigurationName = Release;
		};
		36DD5C922EB0074000E7A9DC /* Build configuration list for PBXNativeTarget "Prayer Tracker" */ = {
			isa = XCConfigurationList;
			buildConfigurations = (
				36DD5C932EB0074000E7A9DC /* Debug */,
				36DD5C942EB0074000E7A9DC /* Release */,
			);
			defaultConfigurationIsVisible = 0;
			defaultConfigurationName = Release;
		};
/* End XCConfigurationList section */
	};
	rootObject = 36DD5C7D2EB0073F00E7A9DC /* Project object */;
}
