// !$*UTF8*$!
{
	archiveVersion = 1;
	classes = {
	};
	objectVersion = 77;
	objects = {

/* Begin PBXBuildFile section */
		364965942EB5596100EC74CF /* Assets.xcassets in Resources */ = {isa = PBXBuildFile; fileRef = 3649657E2EB5596100EC74CF /* Assets.xcassets */; };
		364965972EB5596100EC74CF /* AppGroup.swift in Sources */ = {isa = PBXBuildFile; fileRef = 3649657D2EB5596100EC74CF /* AppGroup.swift */; };
		364965A12EB5596100EC74CF /* Prayer_TrackerApp.swift in Sources */ = {isa = PBXBuildFile; fileRef = 364965892EB5596100EC74CF /* Prayer_TrackerApp.swift */; };
		364965AB2EB5596100EC74CF /* AppGroup.swift in Sources */ = {isa = PBXBuildFile; fileRef = 3649657D2EB5596100EC74CF /* AppGroup.swift */; };
		364966062EB55BB100EC74CF /* PrayerCardView.swift in Sources */ = {isa = PBXBuildFile; fileRef = 364965F82EB55BB100EC74CF /* PrayerCardView.swift */; };
		364966072EB55BB100EC74CF /* LiveActivityDebugView.swift in Sources */ = {isa = PBXBuildFile; fileRef = 364965FB2EB55BB100EC74CF /* LiveActivityDebugView.swift */; };
		364966082EB55BB100EC74CF /* LiveActivityManager.swift in Sources */ = {isa = PBXBuildFile; fileRef = 364965ED2EB55BB100EC74CF /* LiveActivityManager.swift */; };
		364966092EB55BB100EC74CF /* PrayerAlarm.swift in Sources */ = {isa = PBXBuildFile; fileRef = 364965F22EB55BB100EC74CF /* PrayerAlarm.swift */; };
		3649660A2EB55BB100EC74CF /* PrayerEntry.swift in Sources */ = {isa = PBXBuildFile; fileRef = 364965F32EB55BB100EC74CF /* PrayerEntry.swift */; };
		3649660B2EB55BB100EC74CF /* CalendarView.swift in Sources */ = {isa = PBXBuildFile; fileRef = 364965FF2EB55BB100EC74CF /* CalendarView.swift */; };
		3649660C2EB55BB100EC74CF /* TodayView.swift in Sources */ = {isa = PBXBuildFile; fileRef = 364966032EB55BB100EC74CF /* TodayView.swift */; };
		3649660D2EB55BB100EC74CF /* ContentView.swift in Sources */ = {isa = PBXBuildFile; fileRef = 364966002EB55BB100EC74CF /* ContentView.swift */; };
		3649660E2EB55BB100EC74CF /* PixelGridView.swift in Sources */ = {isa = PBXBuildFile; fileRef = 364965F72EB55BB100EC74CF /* PixelGridView.swift */; };
		3649660F2EB55BB100EC74CF /* CalendarManager.swift in Sources */ = {isa = PBXBuildFile; fileRef = 364965EC2EB55BB100EC74CF /* CalendarManager.swift */; };
		364966102EB55BB100EC74CF /* PrayerDetailView.swift in Sources */ = {isa = PBXBuildFile; fileRef = 364966012EB55BB100EC74CF /* PrayerDetailView.swift */; };
		364966112EB55BB100EC74CF /* AlarmsView.swift in Sources */ = {isa = PBXBuildFile; fileRef = 364965FE2EB55BB100EC74CF /* AlarmsView.swift */; };
		364966122EB55BB100EC74CF /* NotificationManager.swift in Sources */ = {isa = PBXBuildFile; fileRef = 364965EE2EB55BB100EC74CF /* NotificationManager.swift */; };
		364966132EB55BB100EC74CF /* StatCard.swift in Sources */ = {isa = PBXBuildFile; fileRef = 364965F92EB55BB100EC74CF /* StatCard.swift */; };
		364966142EB55BB100EC74CF /* PrayerStatistics.swift in Sources */ = {isa = PBXBuildFile; fileRef = 364965F42EB55BB100EC74CF /* PrayerStatistics.swift */; };
		364966152EB55BB100EC74CF /* StatisticsView.swift in Sources */ = {isa = PBXBuildFile; fileRef = 364966022EB55BB100EC74CF /* StatisticsView.swift */; };
		364966162EB55BB100EC74CF /* Prayer.swift in Sources */ = {isa = PBXBuildFile; fileRef = 364965F02EB55BB100EC74CF /* Prayer.swift */; };
		364966172EB55BB100EC74CF /* AddPrayerSheet.swift in Sources */ = {isa = PBXBuildFile; fileRef = 364965FD2EB55BB100EC74CF /* AddPrayerSheet.swift */; };
		364966182EB55BB100EC74CF /* IconPickerView.swift in Sources */ = {isa = PBXBuildFile; fileRef = 364965F62EB55BB100EC74CF /* IconPickerView.swift */; };
		364966192EB55BB100EC74CF /* PrayerActivityAttributes.swift in Sources */ = {isa = PBXBuildFile; fileRef = 364965F12EB55BB100EC74CF /* PrayerActivityAttributes.swift */; };
		3649661A2EB55BE200EC74CF /* PrayerAlarm.swift in Sources */ = {isa = PBXBuildFile; fileRef = 364965F22EB55BB100EC74CF /* PrayerAlarm.swift */; };
		3649661B2EB55BE200EC74CF /* PrayerEntry.swift in Sources */ = {isa = PBXBuildFile; fileRef = 364965F32EB55BB100EC74CF /* PrayerEntry.swift */; };
		3649661C2EB55BE200EC74CF /* PrayerActivityAttributes.swift in Sources */ = {isa = PBXBuildFile; fileRef = 364965F12EB55BB100EC74CF /* PrayerActivityAttributes.swift */; };
		3649661D2EB55BF600EC74CF /* Prayer.swift in Sources */ = {isa = PBXBuildFile; fileRef = 364965F02EB55BB100EC74CF /* Prayer.swift */; };
		3649661E2EB55C0100EC74CF /* PrayerStatistics.swift in Sources */ = {isa = PBXBuildFile; fileRef = 364965F42EB55BB100EC74CF /* PrayerStatistics.swift */; };
		364966202EB55DAB00EC74CF /* AddAlarmView.swift in Sources */ = {isa = PBXBuildFile; fileRef = 3649661F2EB55DAB00EC74CF /* AddAlarmView.swift */; };
		364966232EB55E4000EC74CF /* AlarmRow.swift in Sources */ = {isa = PBXBuildFile; fileRef = 364966222EB55E4000EC74CF /* AlarmRow.swift */; };
		3649664F2EB614B700EC74CF /* ActivePrayerState.swift in Sources */ = {isa = PBXBuildFile; fileRef = 3649664E2EB614B700EC74CF /* ActivePrayerState.swift */; };
		364966502EB614B700EC74CF /* ActivePrayerState.swift in Sources */ = {isa = PBXBuildFile; fileRef = 3649664E2EB614B700EC74CF /* ActivePrayerState.swift */; };
		364966522EB614DC00EC74CF /* CircularProgressView 2.swift in Sources */ = {isa = PBXBuildFile; fileRef = 364966512EB614DC00EC74CF /* CircularProgressView 2.swift */; };
		364966542EB614FD00EC74CF /* IconPickerView.swift in Sources */ = {isa = PBXBuildFile; fileRef = 364966532EB614FD00EC74CF /* IconPickerView.swift */; };
		364966562EB6153F00EC74CF /* ActivePrayerTimerView.swift in Sources */ = {isa = PBXBuildFile; fileRef = 364966552EB6153F00EC74CF /* ActivePrayerTimerView.swift */; };
		364966582EB615F500EC74CF /* Extensions + Color.swift in Sources */ = {isa = PBXBuildFile; fileRef = 364966572EB615F500EC74CF /* Extensions + Color.swift */; };
		364966592EB6160800EC74CF /* Extensions + Color.swift in Sources */ = {isa = PBXBuildFile; fileRef = 364966572EB615F500EC74CF /* Extensions + Color.swift */; };
		3690288F2EB2BDA00072302D /* Prayer-Tracker-Info.plist in Resources */ = {isa = PBXBuildFile; fileRef = 3690288E2EB2BDA00072302D /* Prayer-Tracker-Info.plist */; };
		369EF0F32EB01EE000AC7A06 /* WidgetKit.framework in Frameworks */ = {isa = PBXBuildFile; fileRef = 369EF0692EB0163800AC7A06 /* WidgetKit.framework */; };
		369EF0F42EB01EE000AC7A06 /* SwiftUI.framework in Frameworks */ = {isa = PBXBuildFile; fileRef = 369EF06B2EB0163800AC7A06 /* SwiftUI.framework */; };
		369EF1032EB01EE100AC7A06 /* PrayerWidgetsExtension.appex in Embed Foundation Extensions */ = {isa = PBXBuildFile; fileRef = 369EF0F22EB01EE000AC7A06 /* PrayerWidgetsExtension.appex */; settings = {ATTRIBUTES = (RemoveHeadersOnCopy, ); }; };
/* End PBXBuildFile section */

/* Begin PBXContainerItemProxy section */
		369EF0E62EB01C5D00AC7A06 /* PBXContainerItemProxy */ = {
			isa = PBXContainerItemProxy;
			containerPortal = 36DD5C7D2EB0073F00E7A9DC /* Project object */;
			proxyType = 1;
			remoteGlobalIDString = 36DD5C842EB0073F00E7A9DC;
			remoteInfo = "Prayer Tracker";
		};
		369EF1012EB01EE100AC7A06 /* PBXContainerItemProxy */ = {
			isa = PBXContainerItemProxy;
			containerPortal = 36DD5C7D2EB0073F00E7A9DC /* Project object */;
			proxyType = 1;
			remoteGlobalIDString = 369EF0F12EB01EE000AC7A06;
			remoteInfo = PrayerWidgetsExtension;
		};
/* End PBXContainerItemProxy section */

/* Begin PBXCopyFilesBuildPhase section */
		369EF07E2EB0163900AC7A06 /* Embed Foundation Extensions */ = {
			isa = PBXCopyFilesBuildPhase;
			buildActionMask = 2147483647;
			dstPath = "";
			dstSubfolderSpec = 13;
			files = (
				369EF1032EB01EE100AC7A06 /* PrayerWidgetsExtension.appex in Embed Foundation Extensions */,
			);
			name = "Embed Foundation Extensions";
			runOnlyForDeploymentPostprocessing = 0;
		};
/* End PBXCopyFilesBuildPhase section */

/* Begin PBXFileReference section */
		3649657D2EB5596100EC74CF /* AppGroup.swift */ = {isa = PBXFileReference; lastKnownFileType = sourcecode.swift; path = AppGroup.swift; sourceTree = "<group>"; };
		3649657E2EB5596100EC74CF /* Assets.xcassets */ = {isa = PBXFileReference; lastKnownFileType = folder.assetcatalog; path = Assets.xcassets; sourceTree = "<group>"; };
		364965882EB5596100EC74CF /* Prayer Tracker.entitlements */ = {isa = PBXFileReference; lastKnownFileType = text.plist.entitlements; path = "Prayer Tracker.entitlements"; sourceTree = "<group>"; };
		364965892EB5596100EC74CF /* Prayer_TrackerApp.swift */ = {isa = PBXFileReference; lastKnownFileType = sourcecode.swift; path = Prayer_TrackerApp.swift; sourceTree = "<group>"; };
		364965EC2EB55BB100EC74CF /* CalendarManager.swift */ = {isa = PBXFileReference; lastKnownFileType = sourcecode.swift; path = CalendarManager.swift; sourceTree = "<group>"; };
		364965ED2EB55BB100EC74CF /* LiveActivityManager.swift */ = {isa = PBXFileReference; lastKnownFileType = sourcecode.swift; path = LiveActivityManager.swift; sourceTree = "<group>"; };
		364965EE2EB55BB100EC74CF /* NotificationManager.swift */ = {isa = PBXFileReference; lastKnownFileType = sourcecode.swift; path = NotificationManager.swift; sourceTree = "<group>"; };
		364965F02EB55BB100EC74CF /* Prayer.swift */ = {isa = PBXFileReference; lastKnownFileType = sourcecode.swift; path = Prayer.swift; sourceTree = "<group>"; };
		364965F12EB55BB100EC74CF /* PrayerActivityAttributes.swift */ = {isa = PBXFileReference; lastKnownFileType = sourcecode.swift; path = PrayerActivityAttributes.swift; sourceTree = "<group>"; };
		364965F22EB55BB100EC74CF /* PrayerAlarm.swift */ = {isa = PBXFileReference; lastKnownFileType = sourcecode.swift; path = PrayerAlarm.swift; sourceTree = "<group>"; };
		364965F32EB55BB100EC74CF /* PrayerEntry.swift */ = {isa = PBXFileReference; lastKnownFileType = sourcecode.swift; path = PrayerEntry.swift; sourceTree = "<group>"; };
		364965F42EB55BB100EC74CF /* PrayerStatistics.swift */ = {isa = PBXFileReference; lastKnownFileType = sourcecode.swift; path = PrayerStatistics.swift; sourceTree = "<group>"; };
		364965F62EB55BB100EC74CF /* IconPickerView.swift */ = {isa = PBXFileReference; lastKnownFileType = sourcecode.swift; path = IconPickerView.swift; sourceTree = "<group>"; };
		364965F72EB55BB100EC74CF /* PixelGridView.swift */ = {isa = PBXFileReference; lastKnownFileType = sourcecode.swift; path = PixelGridView.swift; sourceTree = "<group>"; };
		364965F82EB55BB100EC74CF /* PrayerCardView.swift */ = {isa = PBXFileReference; lastKnownFileType = sourcecode.swift; path = PrayerCardView.swift; sourceTree = "<group>"; };
		364965F92EB55BB100EC74CF /* StatCard.swift */ = {isa = PBXFileReference; lastKnownFileType = sourcecode.swift; path = StatCard.swift; sourceTree = "<group>"; };
		364965FB2EB55BB100EC74CF /* LiveActivityDebugView.swift */ = {isa = PBXFileReference; lastKnownFileType = sourcecode.swift; path = LiveActivityDebugView.swift; sourceTree = "<group>"; };
		364965FD2EB55BB100EC74CF /* AddPrayerSheet.swift */ = {isa = PBXFileReference; lastKnownFileType = sourcecode.swift; path = AddPrayerSheet.swift; sourceTree = "<group>"; };
		364965FE2EB55BB100EC74CF /* AlarmsView.swift */ = {isa = PBXFileReference; lastKnownFileType = sourcecode.swift; path = AlarmsView.swift; sourceTree = "<group>"; };
		364965FF2EB55BB100EC74CF /* CalendarView.swift */ = {isa = PBXFileReference; lastKnownFileType = sourcecode.swift; path = CalendarView.swift; sourceTree = "<group>"; };
		364966002EB55BB100EC74CF /* ContentView.swift */ = {isa = PBXFileReference; lastKnownFileType = sourcecode.swift; path = ContentView.swift; sourceTree = "<group>"; };
		364966012EB55BB100EC74CF /* PrayerDetailView.swift */ = {isa = PBXFileReference; lastKnownFileType = sourcecode.swift; path = PrayerDetailView.swift; sourceTree = "<group>"; };
		364966022EB55BB100EC74CF /* StatisticsView.swift */ = {isa = PBXFileReference; lastKnownFileType = sourcecode.swift; path = StatisticsView.swift; sourceTree = "<group>"; };
		364966032EB55BB100EC74CF /* TodayView.swift */ = {isa = PBXFileReference; lastKnownFileType = sourcecode.swift; path = TodayView.swift; sourceTree = "<group>"; };
		3649661F2EB55DAB00EC74CF /* AddAlarmView.swift */ = {isa = PBXFileReference; lastKnownFileType = sourcecode.swift; path = AddAlarmView.swift; sourceTree = "<group>"; };
		364966222EB55E4000EC74CF /* AlarmRow.swift */ = {isa = PBXFileReference; lastKnownFileType = sourcecode.swift; path = AlarmRow.swift; sourceTree = "<group>"; };
		3649664E2EB614B700EC74CF /* ActivePrayerState.swift */ = {isa = PBXFileReference; lastKnownFileType = sourcecode.swift; path = ActivePrayerState.swift; sourceTree = "<group>"; };
		364966512EB614DC00EC74CF /* CircularProgressView 2.swift */ = {isa = PBXFileReference; lastKnownFileType = sourcecode.swift; path = "CircularProgressView 2.swift"; sourceTree = "<group>"; };
		364966532EB614FD00EC74CF /* IconPickerView.swift */ = {isa = PBXFileReference; lastKnownFileType = sourcecode.swift; path = IconPickerView.swift; sourceTree = "<group>"; };
		364966552EB6153F00EC74CF /* ActivePrayerTimerView.swift */ = {isa = PBXFileReference; lastKnownFileType = sourcecode.swift; path = ActivePrayerTimerView.swift; sourceTree = "<group>"; };
		364966572EB615F500EC74CF /* Extensions + Color.swift */ = {isa = PBXFileReference; lastKnownFileType = sourcecode.swift; path = "Extensions + Color.swift"; sourceTree = "<group>"; };
		3690288E2EB2BDA00072302D /* Prayer-Tracker-Info.plist */ = {isa = PBXFileReference; lastKnownFileType = text.plist.xml; path = "Prayer-Tracker-Info.plist"; sourceTree = "<group>"; };
		369EF0692EB0163800AC7A06 /* WidgetKit.framework */ = {isa = PBXFileReference; lastKnownFileType = wrapper.framework; name = WidgetKit.framework; path = System/Library/Frameworks/WidgetKit.framework; sourceTree = SDKROOT; };
		369EF06B2EB0163800AC7A06 /* SwiftUI.framework */ = {isa = PBXFileReference; lastKnownFileType = wrapper.framework; name = SwiftUI.framework; path = System/Library/Frameworks/SwiftUI.framework; sourceTree = SDKROOT; };
		369EF0E22EB01C5D00AC7A06 /* PrayerTrackerTests.xctest */ = {isa = PBXFileReference; explicitFileType = wrapper.cfbundle; includeInIndex = 0; path = PrayerTrackerTests.xctest; sourceTree = BUILT_PRODUCTS_DIR; };
		369EF0F22EB01EE000AC7A06 /* PrayerWidgetsExtension.appex */ = {isa = PBXFileReference; explicitFileType = "wrapper.app-extension"; includeInIndex = 0; path = PrayerWidgetsExtension.appex; sourceTree = BUILT_PRODUCTS_DIR; };
		369EF1312EB0203900AC7A06 /* PrayerWidgetsExtension.entitlements */ = {isa = PBXFileReference; lastKnownFileType = text.plist.entitlements; path = PrayerWidgetsExtension.entitlements; sourceTree = "<group>"; };
		36DD5C852EB0073F00E7A9DC /* Prayer Tracker.app */ = {isa = PBXFileReference; explicitFileType = wrapper.application; includeInIndex = 0; path = "Prayer Tracker.app"; sourceTree = BUILT_PRODUCTS_DIR; };
/* End PBXFileReference section */

/* Begin PBXFileSystemSynchronizedBuildFileExceptionSet section */
		364966252EB56E2F00EC74CF /* Exceptions for "PrayerWidgets" folder in "Prayer Tracker" target */ = {
			isa = PBXFileSystemSynchronizedBuildFileExceptionSet;
			membershipExceptions = (
				Intents/CheckInPrayerIntent.swift,
			);
			target = 36DD5C842EB0073F00E7A9DC /* Prayer Tracker */;
		};
		369EF0EB2EB01C6600AC7A06 /* Exceptions for "PrayerTrackerTests" folder in "Prayer Tracker" target */ = {
			isa = PBXFileSystemSynchronizedBuildFileExceptionSet;
			membershipExceptions = (
				PrayerStatisticsTests.swift,
				README.md,
			);
			target = 36DD5C842EB0073F00E7A9DC /* Prayer Tracker */;
		};
		369EF0ED2EB01C6600AC7A06 /* Exceptions for "PrayerTrackerTests" folder in "PrayerTrackerTests" target */ = {
			isa = PBXFileSystemSynchronizedBuildFileExceptionSet;
			membershipExceptions = (
				PrayerStatisticsTests.swift,
				README.md,
			);
			target = 369EF0E12EB01C5D00AC7A06 /* PrayerTrackerTests */;
		};
		369EF1072EB01EE100AC7A06 /* Exceptions for "PrayerWidgets" folder in "PrayerWidgetsExtension" target */ = {
			isa = PBXFileSystemSynchronizedBuildFileExceptionSet;
			membershipExceptions = (
				Info.plist,
			);
			target = 369EF0F12EB01EE000AC7A06 /* PrayerWidgetsExtension */;
		};
/* End PBXFileSystemSynchronizedBuildFileExceptionSet section */

/* Begin PBXFileSystemSynchronizedRootGroup section */
		369EF0E32EB01C5D00AC7A06 /* PrayerTrackerTests */ = {
			isa = PBXFileSystemSynchronizedRootGroup;
			exceptions = (
				369EF0EB2EB01C6600AC7A06 /* Exceptions for "PrayerTrackerTests" folder in "Prayer Tracker" target */,
				369EF0ED2EB01C6600AC7A06 /* Exceptions for "PrayerTrackerTests" folder in "PrayerTrackerTests" target */,
			);
			path = PrayerTrackerTests;
			sourceTree = "<group>";
		};
		369EF0F52EB01EE000AC7A06 /* PrayerWidgets */ = {
			isa = PBXFileSystemSynchronizedRootGroup;
			exceptions = (
				364966252EB56E2F00EC74CF /* Exceptions for "PrayerWidgets" folder in "Prayer Tracker" target */,
				369EF1072EB01EE100AC7A06 /* Exceptions for "PrayerWidgets" folder in "PrayerWidgetsExtension" target */,
			);
			path = PrayerWidgets;
			sourceTree = "<group>";
		};
/* End PBXFileSystemSynchronizedRootGroup section */

/* Begin PBXFrameworksBuildPhase section */
		369EF0DF2EB01C5D00AC7A06 /* Frameworks */ = {
			isa = PBXFrameworksBuildPhase;
			buildActionMask = 2147483647;
			files = (
			);
			runOnlyForDeploymentPostprocessing = 0;
		};
		369EF0EF2EB01EE000AC7A06 /* Frameworks */ = {
			isa = PBXFrameworksBuildPhase;
			buildActionMask = 2147483647;
			files = (
				369EF0F42EB01EE000AC7A06 /* SwiftUI.framework in Frameworks */,
				369EF0F32EB01EE000AC7A06 /* WidgetKit.framework in Frameworks */,
			);
			runOnlyForDeploymentPostprocessing = 0;
		};
		36DD5C822EB0073F00E7A9DC /* Frameworks */ = {
			isa = PBXFrameworksBuildPhase;
			buildActionMask = 2147483647;
			files = (
			);
			runOnlyForDeploymentPostprocessing = 0;
		};
/* End PBXFrameworksBuildPhase section */

/* Begin PBXGroup section */
		364965932EB5596100EC74CF /* Prayer Tracker */ = {
			isa = PBXGroup;
			children = (
				364965892EB5596100EC74CF /* Prayer_TrackerApp.swift */,
				3649657D2EB5596100EC74CF /* AppGroup.swift */,
				364965F52EB55BB100EC74CF /* Models */,
				364966052EB55BB100EC74CF /* Views */,
				364965EF2EB55BB100EC74CF /* Managers */,
				3649665A2EB6160D00EC74CF /* Extensions */,
				3649657E2EB5596100EC74CF /* Assets.xcassets */,
				364965882EB5596100EC74CF /* Prayer Tracker.entitlements */,
			);
			path = "Prayer Tracker";
			sourceTree = "<group>";
		};
		364965EF2EB55BB100EC74CF /* Managers */ = {
			isa = PBXGroup;
			children = (
				364965EC2EB55BB100EC74CF /* CalendarManager.swift */,
				364965ED2EB55BB100EC74CF /* LiveActivityManager.swift */,
				364965EE2EB55BB100EC74CF /* NotificationManager.swift */,
			);
			path = Managers;
			sourceTree = "<group>";
		};
		364965F52EB55BB100EC74CF /* Models */ = {
			isa = PBXGroup;
			children = (
				364965F02EB55BB100EC74CF /* Prayer.swift */,
				3649664E2EB614B700EC74CF /* ActivePrayerState.swift */,
				364965F12EB55BB100EC74CF /* PrayerActivityAttributes.swift */,
				364965F22EB55BB100EC74CF /* PrayerAlarm.swift */,
				364965F32EB55BB100EC74CF /* PrayerEntry.swift */,
				364965F42EB55BB100EC74CF /* PrayerStatistics.swift */,
			);
			path = Models;
			sourceTree = "<group>";
		};
		364965FA2EB55BB100EC74CF /* Components */ = {
			isa = PBXGroup;
			children = (
				364966212EB55E3D00EC74CF /* ViewRows */,
				364966512EB614DC00EC74CF /* CircularProgressView 2.swift */,
				364965F62EB55BB100EC74CF /* IconPickerView.swift */,
				364965F72EB55BB100EC74CF /* PixelGridView.swift */,
				364965F82EB55BB100EC74CF /* PrayerCardView.swift */,
				364965F92EB55BB100EC74CF /* StatCard.swift */,
				364966532EB614FD00EC74CF /* IconPickerView.swift */,
			);
			path = Components;
			sourceTree = "<group>";
		};
		364965FC2EB55BB100EC74CF /* Debug */ = {
			isa = PBXGroup;
			children = (
				364965FB2EB55BB100EC74CF /* LiveActivityDebugView.swift */,
			);
			path = Debug;
			sourceTree = "<group>";
		};
		364966042EB55BB100EC74CF /* Screens */ = {
			isa = PBXGroup;
			children = (
				364966552EB6153F00EC74CF /* ActivePrayerTimerView.swift */,
				3649661F2EB55DAB00EC74CF /* AddAlarmView.swift */,
				364965FD2EB55BB100EC74CF /* AddPrayerSheet.swift */,
				364965FE2EB55BB100EC74CF /* AlarmsView.swift */,
				364965FF2EB55BB100EC74CF /* CalendarView.swift */,
				364966002EB55BB100EC74CF /* ContentView.swift */,
				364966012EB55BB100EC74CF /* PrayerDetailView.swift */,
				364966022EB55BB100EC74CF /* StatisticsView.swift */,
				364966032EB55BB100EC74CF /* TodayView.swift */,
			);
			path = Screens;
			sourceTree = "<group>";
		};
		364966052EB55BB100EC74CF /* Views */ = {
			isa = PBXGroup;
			children = (
				364966042EB55BB100EC74CF /* Screens */,
				364965FA2EB55BB100EC74CF /* Components */,
				364965FC2EB55BB100EC74CF /* Debug */,
			);
			path = Views;
			sourceTree = "<group>";
		};
		364966212EB55E3D00EC74CF /* ViewRows */ = {
			isa = PBXGroup;
			children = (
				364966222EB55E4000EC74CF /* AlarmRow.swift */,
			);
			path = ViewRows;
			sourceTree = "<group>";
		};
		3649665A2EB6160D00EC74CF /* Extensions */ = {
			isa = PBXGroup;
			children = (
				364966572EB615F500EC74CF /* Extensions + Color.swift */,
			);
			path = Extensions;
			sourceTree = "<group>";
		};
		369EF0682EB0163800AC7A06 /* Frameworks */ = {
			isa = PBXGroup;
			children = (
				369EF0692EB0163800AC7A06 /* WidgetKit.framework */,
				369EF06B2EB0163800AC7A06 /* SwiftUI.framework */,
			);
			name = Frameworks;
			sourceTree = "<group>";
		};
		36DD5C7C2EB0073F00E7A9DC = {
			isa = PBXGroup;
			children = (
				3690288E2EB2BDA00072302D /* Prayer-Tracker-Info.plist */,
				369EF1312EB0203900AC7A06 /* PrayerWidgetsExtension.entitlements */,
				364965932EB5596100EC74CF /* Prayer Tracker */,
				369EF0E32EB01C5D00AC7A06 /* PrayerTrackerTests */,
				369EF0F52EB01EE000AC7A06 /* PrayerWidgets */,
				369EF0682EB0163800AC7A06 /* Frameworks */,
				36DD5C862EB0073F00E7A9DC /* Products */,
			);
			sourceTree = "<group>";
		};
		36DD5C862EB0073F00E7A9DC /* Products */ = {
			isa = PBXGroup;
			children = (
				36DD5C852EB0073F00E7A9DC /* Prayer Tracker.app */,
				369EF0E22EB01C5D00AC7A06 /* PrayerTrackerTests.xctest */,
				369EF0F22EB01EE000AC7A06 /* PrayerWidgetsExtension.appex */,
			);
			name = Products;
			sourceTree = "<group>";
		};
/* End PBXGroup section */

/* Begin PBXNativeTarget section */
		369EF0E12EB01C5D00AC7A06 /* PrayerTrackerTests */ = {
			isa = PBXNativeTarget;
			buildConfigurationList = 369EF0E82EB01C5D00AC7A06 /* Build configuration list for PBXNativeTarget "PrayerTrackerTests" */;
			buildPhases = (
				369EF0DE2EB01C5D00AC7A06 /* Sources */,
				369EF0DF2EB01C5D00AC7A06 /* Frameworks */,
				369EF0E02EB01C5D00AC7A06 /* Resources */,
			);
			buildRules = (
			);
			dependencies = (
				369EF0E72EB01C5D00AC7A06 /* PBXTargetDependency */,
			);
			fileSystemSynchronizedGroups = (
				369EF0E32EB01C5D00AC7A06 /* PrayerTrackerTests */,
			);
			name = PrayerTrackerTests;
			packageProductDependencies = (
			);
			productName = PrayerTrackerTests;
			productReference = 369EF0E22EB01C5D00AC7A06 /* PrayerTrackerTests.xctest */;
			productType = "com.apple.product-type.bundle.unit-test";
		};
		369EF0F12EB01EE000AC7A06 /* PrayerWidgetsExtension */ = {
			isa = PBXNativeTarget;
			buildConfigurationList = 369EF1042EB01EE100AC7A06 /* Build configuration list for PBXNativeTarget "PrayerWidgetsExtension" */;
			buildPhases = (
				369EF0EE2EB01EE000AC7A06 /* Sources */,
				369EF0EF2EB01EE000AC7A06 /* Frameworks */,
				369EF0F02EB01EE000AC7A06 /* Resources */,
			);
			buildRules = (
			);
			dependencies = (
			);
			fileSystemSynchronizedGroups = (
				369EF0F52EB01EE000AC7A06 /* PrayerWidgets */,
			);
			name = PrayerWidgetsExtension;
			packageProductDependencies = (
			);
			productName = PrayerWidgetsExtension;
			productReference = 369EF0F22EB01EE000AC7A06 /* PrayerWidgetsExtension.appex */;
			productType = "com.apple.product-type.app-extension";
		};
		36DD5C842EB0073F00E7A9DC /* Prayer Tracker */ = {
			isa = PBXNativeTarget;
			buildConfigurationList = 36DD5C922EB0074000E7A9DC /* Build configuration list for PBXNativeTarget "Prayer Tracker" */;
			buildPhases = (
				36DD5C812EB0073F00E7A9DC /* Sources */,
				36DD5C822EB0073F00E7A9DC /* Frameworks */,
				36DD5C832EB0073F00E7A9DC /* Resources */,
				369EF07E2EB0163900AC7A06 /* Embed Foundation Extensions */,
			);
			buildRules = (
			);
			dependencies = (
				369EF1022EB01EE100AC7A06 /* PBXTargetDependency */,
			);
			name = "Prayer Tracker";
			packageProductDependencies = (
			);
			productName = "Prayer Tracker";
			productReference = 36DD5C852EB0073F00E7A9DC /* Prayer Tracker.app */;
			productType = "com.apple.product-type.application";
		};
/* End PBXNativeTarget section */

/* Begin PBXProject section */
		36DD5C7D2EB0073F00E7A9DC /* Project object */ = {
			isa = PBXProject;
			attributes = {
				BuildIndependentTargetsInParallel = 1;
				LastSwiftUpdateCheck = 2600;
				LastUpgradeCheck = 2600;
				TargetAttributes = {
					369EF0E12EB01C5D00AC7A06 = {
						CreatedOnToolsVersion = 26.0.1;
						TestTargetID = 36DD5C842EB0073F00E7A9DC;
					};
					369EF0F12EB01EE000AC7A06 = {
						CreatedOnToolsVersion = 26.0.1;
					};
					36DD5C842EB0073F00E7A9DC = {
						CreatedOnToolsVersion = 26.0.1;
					};
				};
			};
			buildConfigurationList = 36DD5C802EB0073F00E7A9DC /* Build configuration list for PBXProject "Prayer Tracker" */;
			developmentRegion = en;
			hasScannedForEncodings = 0;
			knownRegions = (
				en,
				Base,
			);
			mainGroup = 36DD5C7C2EB0073F00E7A9DC;
			minimizedProjectReferenceProxies = 1;
			preferredProjectObjectVersion = 77;
			productRefGroup = 36DD5C862EB0073F00E7A9DC /* Products */;
			projectDirPath = "";
			projectRoot = "";
			targets = (
				36DD5C842EB0073F00E7A9DC /* Prayer Tracker */,
				369EF0E12EB01C5D00AC7A06 /* PrayerTrackerTests */,
				369EF0F12EB01EE000AC7A06 /* PrayerWidgetsExtension */,
			);
		};
/* End PBXProject section */

/* Begin PBXResourcesBuildPhase section */
		369EF0E02EB01C5D00AC7A06 /* Resources */ = {
			isa = PBXResourcesBuildPhase;
			buildActionMask = 2147483647;
			files = (
			);
			runOnlyForDeploymentPostprocessing = 0;
		};
		369EF0F02EB01EE000AC7A06 /* Resources */ = {
			isa = PBXResourcesBuildPhase;
			buildActionMask = 2147483647;
			files = (
			);
			runOnlyForDeploymentPostprocessing = 0;
		};
		36DD5C832EB0073F00E7A9DC /* Resources */ = {
			isa = PBXResourcesBuildPhase;
			buildActionMask = 2147483647;
			files = (
				364965942EB5596100EC74CF /* Assets.xcassets in Resources */,
				3690288F2EB2BDA00072302D /* Prayer-Tracker-Info.plist in Resources */,
			);
			runOnlyForDeploymentPostprocessing = 0;
		};
/* End PBXResourcesBuildPhase section */

/* Begin PBXSourcesBuildPhase section */
		369EF0DE2EB01C5D00AC7A06 /* Sources */ = {
			isa = PBXSourcesBuildPhase;
			buildActionMask = 2147483647;
			files = (
			);
			runOnlyForDeploymentPostprocessing = 0;
		};
		369EF0EE2EB01EE000AC7A06 /* Sources */ = {
			isa = PBXSourcesBuildPhase;
			buildActionMask = 2147483647;
			files = (
				364965AB2EB5596100EC74CF /* AppGroup.swift in Sources */,
				3649661A2EB55BE200EC74CF /* PrayerAlarm.swift in Sources */,
				364966502EB614B700EC74CF /* ActivePrayerState.swift in Sources */,
				3649661B2EB55BE200EC74CF /* PrayerEntry.swift in Sources */,
				3649661C2EB55BE200EC74CF /* PrayerActivityAttributes.swift in Sources */,
				3649661D2EB55BF600EC74CF /* Prayer.swift in Sources */,
				364966592EB6160800EC74CF /* Extensions + Color.swift in Sources */,
				3649661E2EB55C0100EC74CF /* PrayerStatistics.swift in Sources */,
			);
			runOnlyForDeploymentPostprocessing = 0;
		};
		36DD5C812EB0073F00E7A9DC /* Sources */ = {
			isa = PBXSourcesBuildPhase;
			buildActionMask = 2147483647;
			files = (
				364965972EB5596100EC74CF /* AppGroup.swift in Sources */,
				364966062EB55BB100EC74CF /* PrayerCardView.swift in Sources */,
				364966072EB55BB100EC74CF /* LiveActivityDebugView.swift in Sources */,
				364966082EB55BB100EC74CF /* LiveActivityManager.swift in Sources */,
				364966092EB55BB100EC74CF /* PrayerAlarm.swift in Sources */,
				364966562EB6153F00EC74CF /* ActivePrayerTimerView.swift in Sources */,
				3649660A2EB55BB100EC74CF /* PrayerEntry.swift in Sources */,
				3649660B2EB55BB100EC74CF /* CalendarView.swift in Sources */,
				364966582EB615F500EC74CF /* Extensions + Color.swift in Sources */,
				3649660C2EB55BB100EC74CF /* TodayView.swift in Sources */,
				364966542EB614FD00EC74CF /* IconPickerView.swift in Sources */,
				3649660D2EB55BB100EC74CF /* ContentView.swift in Sources */,
				3649660E2EB55BB100EC74CF /* PixelGridView.swift in Sources */,
				364966522EB614DC00EC74CF /* CircularProgressView 2.swift in Sources */,
				3649660F2EB55BB100EC74CF /* CalendarManager.swift in Sources */,
				364966102EB55BB100EC74CF /* PrayerDetailView.swift in Sources */,
				364966112EB55BB100EC74CF /* AlarmsView.swift in Sources */,
				364966122EB55BB100EC74CF /* NotificationManager.swift in Sources */,
				364966202EB55DAB00EC74CF /* AddAlarmView.swift in Sources */,
				364966232EB55E4000EC74CF /* AlarmRow.swift in Sources */,
				364966132EB55BB100EC74CF /* StatCard.swift in Sources */,
				3649664F2EB614B700EC74CF /* ActivePrayerState.swift in Sources */,
				364966142EB55BB100EC74CF /* PrayerStatistics.swift in Sources */,
				364966152EB55BB100EC74CF /* StatisticsView.swift in Sources */,
				364966162EB55BB100EC74CF /* Prayer.swift in Sources */,
				364966172EB55BB100EC74CF /* AddPrayerSheet.swift in Sources */,
				364966182EB55BB100EC74CF /* IconPickerView.swift in Sources */,
				364966192EB55BB100EC74CF /* PrayerActivityAttributes.swift in Sources */,
				364965A12EB5596100EC74CF /* Prayer_TrackerApp.swift in Sources */,
			);
			runOnlyForDeploymentPostprocessing = 0;
		};
/* End PBXSourcesBuildPhase section */

/* Begin PBXTargetDependency section */
		369EF0E72EB01C5D00AC7A06 /* PBXTargetDependency */ = {
			isa = PBXTargetDependency;
			target = 36DD5C842EB0073F00E7A9DC /* Prayer Tracker */;
			targetProxy = 369EF0E62EB01C5D00AC7A06 /* PBXContainerItemProxy */;
		};
		369EF1022EB01EE100AC7A06 /* PBXTargetDependency */ = {
			isa = PBXTargetDependency;
			target = 369EF0F12EB01EE000AC7A06 /* PrayerWidgetsExtension */;
			targetProxy = 369EF1012EB01EE100AC7A06 /* PBXContainerItemProxy */;
		};
/* End PBXTargetDependency section */

/* Begin XCBuildConfiguration section */
		369EF0E92EB01C5D00AC7A06 /* Debug */ = {
			isa = XCBuildConfiguration;
			buildSettings = {
				BUNDLE_LOADER = "$(TEST_HOST)";
				CODE_SIGN_STYLE = Automatic;
				CURRENT_PROJECT_VERSION = 1;
				DEVELOPMENT_TEAM = S6ZFW3NA3K;
				GENERATE_INFOPLIST_FILE = YES;
				MARKETING_VERSION = 1.0;
				PRODUCT_BUNDLE_IDENTIFIER = "johnmark.Prayer-Tracker.PrayerTrackerTests";
				PRODUCT_NAME = "$(TARGET_NAME)";
				STRING_CATALOG_GENERATE_SYMBOLS = NO;
				SWIFT_APPROACHABLE_CONCURRENCY = YES;
				SWIFT_EMIT_LOC_STRINGS = NO;
				SWIFT_UPCOMING_FEATURE_MEMBER_IMPORT_VISIBILITY = YES;
				SWIFT_VERSION = 5.0;
				TARGETED_DEVICE_FAMILY = "1,2";
				TEST_HOST = "$(BUILT_PRODUCTS_DIR)/Prayer Tracker.app/$(BUNDLE_EXECUTABLE_FOLDER_PATH)/Prayer Tracker";
			};
			name = Debug;
		};
		369EF0EA2EB01C5D00AC7A06 /* Release */ = {
			isa = XCBuildConfiguration;
			buildSettings = {
				BUNDLE_LOADER = "$(TEST_HOST)";
				CODE_SIGN_STYLE = Automatic;
				CURRENT_PROJECT_VERSION = 1;
				DEVELOPMENT_TEAM = S6ZFW3NA3K;
				GENERATE_INFOPLIST_FILE = YES;
				MARKETING_VERSION = 1.0;
				PRODUCT_BUNDLE_IDENTIFIER = "johnmark.Prayer-Tracker.PrayerTrackerTests";
				PRODUCT_NAME = "$(TARGET_NAME)";
				STRING_CATALOG_GENERATE_SYMBOLS = NO;
				SWIFT_APPROACHABLE_CONCURRENCY = YES;
				SWIFT_EMIT_LOC_STRINGS = NO;
				SWIFT_UPCOMING_FEATURE_MEMBER_IMPORT_VISIBILITY = YES;
				SWIFT_VERSION = 5.0;
				TARGETED_DEVICE_FAMILY = "1,2";
				TEST_HOST = "$(BUILT_PRODUCTS_DIR)/Prayer Tracker.app/$(BUNDLE_EXECUTABLE_FOLDER_PATH)/Prayer Tracker";
			};
			name = Release;
		};
		369EF1052EB01EE100AC7A06 /* Debug */ = {
			isa = XCBuildConfiguration;
			buildSettings = {
				ASSETCATALOG_COMPILER_GLOBAL_ACCENT_COLOR_NAME = AccentColor;
				ASSETCATALOG_COMPILER_WIDGET_BACKGROUND_COLOR_NAME = WidgetBackground;
				CODE_SIGN_ENTITLEMENTS = PrayerWidgetsExtension.entitlements;
				CODE_SIGN_STYLE = Automatic;
				CURRENT_PROJECT_VERSION = 1;
				DEVELOPMENT_TEAM = S6ZFW3NA3K;
				GENERATE_INFOPLIST_FILE = YES;
				INFOPLIST_FILE = PrayerWidgets/Info.plist;
				INFOPLIST_KEY_CFBundleDisplayName = PrayerWidgets;
				INFOPLIST_KEY_NSHumanReadableCopyright = "";
				LD_RUNPATH_SEARCH_PATHS = (
					"$(inherited)",
					"@executable_path/Frameworks",
					"@executable_path/../../Frameworks",
				);
				MARKETING_VERSION = 1.0;
				PRODUCT_BUNDLE_IDENTIFIER = "johnmark.Prayer-Tracker.PrayerWidgets";
				PRODUCT_NAME = "$(TARGET_NAME)";
				SKIP_INSTALL = YES;
				STRING_CATALOG_GENERATE_SYMBOLS = YES;
				SWIFT_APPROACHABLE_CONCURRENCY = YES;
				SWIFT_EMIT_LOC_STRINGS = YES;
				SWIFT_UPCOMING_FEATURE_MEMBER_IMPORT_VISIBILITY = YES;
				SWIFT_VERSION = 5.0;
				TARGETED_DEVICE_FAMILY = "1,2";
			};
			name = Debug;
		};
		369EF1062EB01EE100AC7A06 /* Release */ = {
			isa = XCBuildConfiguration;
			buildSettings = {
				ASSETCATALOG_COMPILER_GLOBAL_ACCENT_COLOR_NAME = AccentColor;
				ASSETCATALOG_COMPILER_WIDGET_BACKGROUND_COLOR_NAME = WidgetBackground;
				CODE_SIGN_ENTITLEMENTS = PrayerWidgetsExtension.entitlements;
				CODE_SIGN_STYLE = Automatic;
				CURRENT_PROJECT_VERSION = 1;
				DEVELOPMENT_TEAM = S6ZFW3NA3K;
				GENERATE_INFOPLIST_FILE = YES;
				INFOPLIST_FILE = PrayerWidgets/Info.plist;
				INFOPLIST_KEY_CFBundleDisplayName = PrayerWidgets;
				INFOPLIST_KEY_NSHumanReadableCopyright = "";
				LD_RUNPATH_SEARCH_PATHS = (
					"$(inherited)",
					"@executable_path/Frameworks",
					"@executable_path/../../Frameworks",
				);
				MARKETING_VERSION = 1.0;
				PRODUCT_BUNDLE_IDENTIFIER = "johnmark.Prayer-Tracker.PrayerWidgets";
				PRODUCT_NAME = "$(TARGET_NAME)";
				SKIP_INSTALL = YES;
				STRING_CATALOG_GENERATE_SYMBOLS = YES;
				SWIFT_APPROACHABLE_CONCURRENCY = YES;
				SWIFT_EMIT_LOC_STRINGS = YES;
				SWIFT_UPCOMING_FEATURE_MEMBER_IMPORT_VISIBILITY = YES;
				SWIFT_VERSION = 5.0;
				TARGETED_DEVICE_FAMILY = "1,2";
			};
			name = Release;
		};
		36DD5C902EB0074000E7A9DC /* Debug */ = {
			isa = XCBuildConfiguration;
			buildSettings = {
				ALWAYS_SEARCH_USER_PATHS = NO;
				ASSETCATALOG_COMPILER_GENERATE_SWIFT_ASSET_SYMBOL_EXTENSIONS = YES;
				CLANG_ANALYZER_NONNULL = YES;
				CLANG_ANALYZER_NUMBER_OBJECT_CONVERSION = YES_AGGRESSIVE;
				CLANG_CXX_LANGUAGE_STANDARD = "gnu++20";
				CLANG_ENABLE_MODULES = YES;
				CLANG_ENABLE_OBJC_ARC = YES;
				CLANG_ENABLE_OBJC_WEAK = YES;
				CLANG_WARN_BLOCK_CAPTURE_AUTORELEASING = YES;
				CLANG_WARN_BOOL_CONVERSION = YES;
				CLANG_WARN_COMMA = YES;
				CLANG_WARN_CONSTANT_CONVERSION = YES;
				CLANG_WARN_DEPRECATED_OBJC_IMPLEMENTATIONS = YES;
				CLANG_WARN_DIRECT_OBJC_ISA_USAGE = YES_ERROR;
				CLANG_WARN_DOCUMENTATION_COMMENTS = YES;
				CLANG_WARN_EMPTY_BODY = YES;
				CLANG_WARN_ENUM_CONVERSION = YES;
				CLANG_WARN_INFINITE_RECURSION = YES;
				CLANG_WARN_INT_CONVERSION = YES;
				CLANG_WARN_NON_LITERAL_NULL_CONVERSION = YES;
				CLANG_WARN_OBJC_IMPLICIT_RETAIN_SELF = YES;
				CLANG_WARN_OBJC_LITERAL_CONVERSION = YES;
				CLANG_WARN_OBJC_ROOT_CLASS = YES_ERROR;
				CLANG_WARN_QUOTED_INCLUDE_IN_FRAMEWORK_HEADER = YES;
				CLANG_WARN_RANGE_LOOP_ANALYSIS = YES;
				CLANG_WARN_STRICT_PROTOTYPES = YES;
				CLANG_WARN_SUSPICIOUS_MOVE = YES;
				CLANG_WARN_UNGUARDED_AVAILABILITY = YES_AGGRESSIVE;
				CLANG_WARN_UNREACHABLE_CODE = YES;
				CLANG_WARN__DUPLICATE_METHOD_MATCH = YES;
				COPY_PHASE_STRIP = NO;
				DEBUG_INFORMATION_FORMAT = dwarf;
				DEVELOPMENT_TEAM = S6ZFW3NA3K;
				ENABLE_STRICT_OBJC_MSGSEND = YES;
				ENABLE_TESTABILITY = YES;
				ENABLE_USER_SCRIPT_SANDBOXING = YES;
				GCC_C_LANGUAGE_STANDARD = gnu17;
				GCC_DYNAMIC_NO_PIC = NO;
				GCC_NO_COMMON_BLOCKS = YES;
				GCC_OPTIMIZATION_LEVEL = 0;
				GCC_PREPROCESSOR_DEFINITIONS = (
					"DEBUG=1",
					"$(inherited)",
				);
				GCC_WARN_64_TO_32_BIT_CONVERSION = YES;
				GCC_WARN_ABOUT_RETURN_TYPE = YES_ERROR;
				GCC_WARN_UNDECLARED_SELECTOR = YES;
				GCC_WARN_UNINITIALIZED_AUTOS = YES_AGGRESSIVE;
				GCC_WARN_UNUSED_FUNCTION = YES;
				GCC_WARN_UNUSED_VARIABLE = YES;
				IPHONEOS_DEPLOYMENT_TARGET = 26.0;
				LOCALIZATION_PREFERS_STRING_CATALOGS = YES;
				MTL_ENABLE_DEBUG_INFO = INCLUDE_SOURCE;
				MTL_FAST_MATH = YES;
				ONLY_ACTIVE_ARCH = YES;
				SDKROOT = iphoneos;
				SWIFT_ACTIVE_COMPILATION_CONDITIONS = "DEBUG $(inherited)";
				SWIFT_OPTIMIZATION_LEVEL = "-Onone";
			};
			name = Debug;
		};
		36DD5C912EB0074000E7A9DC /* Release */ = {
			isa = XCBuildConfiguration;
			buildSettings = {
				ALWAYS_SEARCH_USER_PATHS = NO;
				ASSETCATALOG_COMPILER_GENERATE_SWIFT_ASSET_SYMBOL_EXTENSIONS = YES;
				CLANG_ANALYZER_NONNULL = YES;
				CLANG_ANALYZER_NUMBER_OBJECT_CONVERSION = YES_AGGRESSIVE;
				CLANG_CXX_LANGUAGE_STANDARD = "gnu++20";
				CLANG_ENABLE_MODULES = YES;
				CLANG_ENABLE_OBJC_ARC = YES;
				CLANG_ENABLE_OBJC_WEAK = YES;
				CLANG_WARN_BLOCK_CAPTURE_AUTORELEASING = YES;
				CLANG_WARN_BOOL_CONVERSION = YES;
				CLANG_WARN_COMMA = YES;
				CLANG_WARN_CONSTANT_CONVERSION = YES;
				CLANG_WARN_DEPRECATED_OBJC_IMPLEMENTATIONS = YES;
				CLANG_WARN_DIRECT_OBJC_ISA_USAGE = YES_ERROR;
				CLANG_WARN_DOCUMENTATION_COMMENTS = YES;
				CLANG_WARN_EMPTY_BODY = YES;
				CLANG_WARN_ENUM_CONVERSION = YES;
				CLANG_WARN_INFINITE_RECURSION = YES;
				CLANG_WARN_INT_CONVERSION = YES;
				CLANG_WARN_NON_LITERAL_NULL_CONVERSION = YES;
				CLANG_WARN_OBJC_IMPLICIT_RETAIN_SELF = YES;
				CLANG_WARN_OBJC_LITERAL_CONVERSION = YES;
				CLANG_WARN_OBJC_ROOT_CLASS = YES_ERROR;
				CLANG_WARN_QUOTED_INCLUDE_IN_FRAMEWORK_HEADER = YES;
				CLANG_WARN_RANGE_LOOP_ANALYSIS = YES;
				CLANG_WARN_STRICT_PROTOTYPES = YES;
				CLANG_WARN_SUSPICIOUS_MOVE = YES;
				CLANG_WARN_UNGUARDED_AVAILABILITY = YES_AGGRESSIVE;
				CLANG_WARN_UNREACHABLE_CODE = YES;
				CLANG_WARN__DUPLICATE_METHOD_MATCH = YES;
				COPY_PHASE_STRIP = NO;
				DEBUG_INFORMATION_FORMAT = "dwarf-with-dsym";
				DEVELOPMENT_TEAM = S6ZFW3NA3K;
				ENABLE_NS_ASSERTIONS = NO;
				ENABLE_STRICT_OBJC_MSGSEND = YES;
				ENABLE_USER_SCRIPT_SANDBOXING = YES;
				GCC_C_LANGUAGE_STANDARD = gnu17;
				GCC_NO_COMMON_BLOCKS = YES;
				GCC_WARN_64_TO_32_BIT_CONVERSION = YES;
				GCC_WARN_ABOUT_RETURN_TYPE = YES_ERROR;
				GCC_WARN_UNDECLARED_SELECTOR = YES;
				GCC_WARN_UNINITIALIZED_AUTOS = YES_AGGRESSIVE;
				GCC_WARN_UNUSED_FUNCTION = YES;
				GCC_WARN_UNUSED_VARIABLE = YES;
				IPHONEOS_DEPLOYMENT_TARGET = 26.0;
				LOCALIZATION_PREFERS_STRING_CATALOGS = YES;
				MTL_ENABLE_DEBUG_INFO = NO;
				MTL_FAST_MATH = YES;
				SDKROOT = iphoneos;
				SWIFT_COMPILATION_MODE = wholemodule;
				VALIDATE_PRODUCT = YES;
			};
			name = Release;
		};
		36DD5C932EB0074000E7A9DC /* Debug */ = {
			isa = XCBuildConfiguration;
			buildSettings = {
				ASSETCATALOG_COMPILER_APPICON_NAME = AppIcon;
				ASSETCATALOG_COMPILER_GLOBAL_ACCENT_COLOR_NAME = AccentColor;
				CODE_SIGN_ENTITLEMENTS = "Prayer Tracker/Prayer Tracker.entitlements";
				CODE_SIGN_STYLE = Automatic;
				CURRENT_PROJECT_VERSION = 1;
				DEVELOPMENT_TEAM = S6ZFW3NA3K;
				ENABLE_PREVIEWS = YES;
				GENERATE_INFOPLIST_FILE = YES;
				INFOPLIST_FILE = "Prayer-Tracker-Info.plist";
				INFOPLIST_KEY_NSCalendarsFullAccessUsageDescription = "Prayer Tracker needs full calendar access to create and manage recurring\n     prayer time events.";
				INFOPLIST_KEY_NSCalendarsUsageDescription = "Prayer Tracker needs access to your calendar to create recurring prayer\n     time events when you enable calendar integration for your alarms.";
				INFOPLIST_KEY_UIApplicationSceneManifest_Generation = YES;
				INFOPLIST_KEY_UIApplicationSupportsIndirectInputEvents = YES;
				INFOPLIST_KEY_UILaunchScreen_Generation = YES;
				INFOPLIST_KEY_UISupportedInterfaceOrientations_iPad = "UIInterfaceOrientationPortrait UIInterfaceOrientationPortraitUpsideDown UIInterfaceOrientationLandscapeLeft UIInterfaceOrientationLandscapeRight";
				INFOPLIST_KEY_UISupportedInterfaceOrientations_iPhone = "UIInterfaceOrientationPortrait UIInterfaceOrientationLandscapeLeft UIInterfaceOrientationLandscapeRight";
				LD_RUNPATH_SEARCH_PATHS = (
					"$(inherited)",
					"@executable_path/Frameworks",
				);
				MARKETING_VERSION = 1.0;
				PRODUCT_BUNDLE_IDENTIFIER = "johnmark.Prayer-Tracker";
				PRODUCT_NAME = "$(TARGET_NAME)";
				STRING_CATALOG_GENERATE_SYMBOLS = YES;
				SWIFT_APPROACHABLE_CONCURRENCY = YES;
				SWIFT_DEFAULT_ACTOR_ISOLATION = MainActor;
				SWIFT_EMIT_LOC_STRINGS = YES;
				SWIFT_UPCOMING_FEATURE_MEMBER_IMPORT_VISIBILITY = YES;
				SWIFT_VERSION = 5.0;
				TARGETED_DEVICE_FAMILY = "1,2";
			};
			name = Debug;
		};
		36DD5C942EB0074000E7A9DC /* Release */ = {
			isa = XCBuildConfiguration;
			buildSettings = {
				ASSETCATALOG_COMPILER_APPICON_NAME = AppIcon;
				ASSETCATALOG_COMPILER_GLOBAL_ACCENT_COLOR_NAME = AccentColor;
				CODE_SIGN_ENTITLEMENTS = "Prayer Tracker/Prayer Tracker.entitlements";
				CODE_SIGN_STYLE = Automatic;
				CURRENT_PROJECT_VERSION = 1;
				DEVELOPMENT_TEAM = S6ZFW3NA3K;
				ENABLE_PREVIEWS = YES;
				GENERATE_INFOPLIST_FILE = YES;
				INFOPLIST_FILE = "Prayer-Tracker-Info.plist";
				INFOPLIST_KEY_NSCalendarsFullAccessUsageDescription = "Prayer Tracker needs full calendar access to create and manage recurring\n     prayer time events.";
				INFOPLIST_KEY_NSCalendarsUsageDescription = "Prayer Tracker needs access to your calendar to create recurring prayer\n     time events when you enable calendar integration for your alarms.";
				INFOPLIST_KEY_UIApplicationSceneManifest_Generation = YES;
				INFOPLIST_KEY_UIApplicationSupportsIndirectInputEvents = YES;
				INFOPLIST_KEY_UILaunchScreen_Generation = YES;
				INFOPLIST_KEY_UISupportedInterfaceOrientations_iPad = "UIInterfaceOrientationPortrait UIInterfaceOrientationPortraitUpsideDown UIInterfaceOrientationLandscapeLeft UIInterfaceOrientationLandscapeRight";
				INFOPLIST_KEY_UISupportedInterfaceOrientations_iPhone = "UIInterfaceOrientationPortrait UIInterfaceOrientationLandscapeLeft UIInterfaceOrientationLandscapeRight";
				LD_RUNPATH_SEARCH_PATHS = (
					"$(inherited)",
					"@executable_path/Frameworks",
				);
				MARKETING_VERSION = 1.0;
				PRODUCT_BUNDLE_IDENTIFIER = "johnmark.Prayer-Tracker";
				PRODUCT_NAME = "$(TARGET_NAME)";
				STRING_CATALOG_GENERATE_SYMBOLS = YES;
				SWIFT_APPROACHABLE_CONCURRENCY = YES;
				SWIFT_DEFAULT_ACTOR_ISOLATION = MainActor;
				SWIFT_EMIT_LOC_STRINGS = YES;
				SWIFT_UPCOMING_FEATURE_MEMBER_IMPORT_VISIBILITY = YES;
				SWIFT_VERSION = 5.0;
				TARGETED_DEVICE_FAMILY = "1,2";
			};
			name = Release;
		};
/* End XCBuildConfiguration section */

/* Begin XCConfigurationList section */
		369EF0E82EB01C5D00AC7A06 /* Build configuration list for PBXNativeTarget "PrayerTrackerTests" */ = {
			isa = XCConfigurationList;
			buildConfigurations = (
				369EF0E92EB01C5D00AC7A06 /* Debug */,
				369EF0EA2EB01C5D00AC7A06 /* Release */,
			);
			defaultConfigurationIsVisible = 0;
			defaultConfigurationName = Release;
		};
		369EF1042EB01EE100AC7A06 /* Build configuration list for PBXNativeTarget "PrayerWidgetsExtension" */ = {
			isa = XCConfigurationList;
			buildConfigurations = (
				369EF1052EB01EE100AC7A06 /* Debug */,
				369EF1062EB01EE100AC7A06 /* Release */,
			);
			defaultConfigurationIsVisible = 0;
			defaultConfigurationName = Release;
		};
		36DD5C802EB0073F00E7A9DC /* Build configuration list for PBXProject "Prayer Tracker" */ = {
			isa = XCConfigurationList;
			buildConfigurations = (
				36DD5C902EB0074000E7A9DC /* Debug */,
				36DD5C912EB0074000E7A9DC /* Release */,
			);
			defaultConfigurationIsVisible = 0;
			defaultConfigurationName = Release;
		};
		36DD5C922EB0074000E7A9DC /* Build configuration list for PBXNativeTarget "Prayer Tracker" */ = {
			isa = XCConfigurationList;
			buildConfigurations = (
				36DD5C932EB0074000E7A9DC /* Debug */,
				36DD5C942EB0074000E7A9DC /* Release */,
			);
			defaultConfigurationIsVisible = 0;
			defaultConfigurationName = Release;
		};
/* End XCConfigurationList section */
	};
	rootObject = 36DD5C7D2EB0073F00E7A9DC /* Project object */;
}
